{
    "_meta": {
        "hash": {
            "sha256": "84153c1271153d9b2387b1ef7898f04131bfff9f1dee0cad89486436b680d58d"
        },
        "pipfile-spec": 6,
        "requires": {
            "python_version": "3.12"
        },
        "sources": [
            {
                "name": "pypi",
                "url": "https://pypi.org/simple",
                "verify_ssl": true
            }
        ]
    },
    "default": {},
    "develop": {}
}
